
Microsoft Visual Studio Solution File, Format Version 12.00
# Visual Studio Version 17
VisualStudioVersion = 17.7.34031.279
MinimumVisualStudioVersion = 10.0.40219.1
Project("{FAE04EC0-301F-11D3-BF4B-00C04F79EFBC}") = "2023", "2023\2023.csproj", "{1E84AB78-EA93-4A7A-A382-F19B60936C83}"
EndProject
Project("{FAE04EC0-301F-11D3-BF4B-00C04F79EFBC}") = "2020", "2020\2020.csproj", "{EEACEEE9-BB4A-441B-93EE-4CB9BF688EDB}"
EndProject
Project("{FAE04EC0-301F-11D3-BF4B-00C04F79EFBC}") = "2023Tests", "2023Tests\2023Tests.csproj", "{4A38C8BD-3235-431F-8B20-7903A7C65C06}"
EndProject
Project("{2150E333-8FDC-42A3-9474-1A3956D46DE8}") = "Tests", "Tests", "{783E0BBF-FEC1-4304-81D4-6ED6C7735093}"
EndProject
Global
	GlobalSection(SolutionConfigurationPlatforms) = preSolution
		Debug|Any CPU = Debug|Any CPU
		Release|Any CPU = Release|Any CPU
	EndGlobalSection
	GlobalSection(ProjectConfigurationPlatforms) = postSolution
		{1E84AB78-EA93-4A7A-A382-F19B60936C83}.Debug|Any CPU.ActiveCfg = Debug|Any CPU
		{1E84AB78-EA93-4A7A-A382-F19B60936C83}.Debug|Any CPU.Build.0 = Debug|Any CPU
		{1E84AB78-EA93-4A7A-A382-F19B60936C83}.Release|Any CPU.ActiveCfg = Release|Any CPU
		{1E84AB78-EA93-4A7A-A382-F19B60936C83}.Release|Any CPU.Build.0 = Release|Any CPU
		{EEACEEE9-BB4A-441B-93EE-4CB9BF688EDB}.Debug|Any CPU.ActiveCfg = Debug|Any CPU
		{EEACEEE9-BB4A-441B-93EE-4CB9BF688EDB}.Debug|Any CPU.Build.0 = Debug|Any CPU
		{EEACEEE9-BB4A-441B-93EE-4CB9BF688EDB}.Release|Any CPU.ActiveCfg = Release|Any CPU
		{EEACEEE9-BB4A-441B-93EE-4CB9BF688EDB}.Release|Any CPU.Build.0 = Release|Any CPU
		{4A38C8BD-3235-431F-8B20-7903A7C65C06}.Debug|Any CPU.ActiveCfg = Debug|Any CPU
		{4A38C8BD-3235-431F-8B20-7903A7C65C06}.Debug|Any CPU.Build.0 = Debug|Any CPU
		{4A38C8BD-3235-431F-8B20-7903A7C65C06}.Release|Any CPU.ActiveCfg = Release|Any CPU
		{4A38C8BD-3235-431F-8B20-7903A7C65C06}.Release|Any CPU.Build.0 = Release|Any CPU
	EndGlobalSection
	GlobalSection(SolutionProperties) = preSolution
		HideSolutionNode = FALSE
	EndGlobalSection
	GlobalSection(NestedProjects) = preSolution
		{4A38C8BD-3235-431F-8B20-7903A7C65C06} = {783E0BBF-FEC1-4304-81D4-6ED6C7735093}
	EndGlobalSection
	GlobalSection(ExtensibilityGlobals) = postSolution
		SolutionGuid = {58B3BCAE-5858-4EEB-AA36-A229BBDABB14}
	EndGlobalSection
EndGlobal
